// !$*UTF8*$!
{
	archiveVersion = 1;
	classes = {
	};
	objectVersion = 46;
	objects = {

/* Begin PBXBuildFile section */
		D7FD42751A33D37E00B982F2 /* main.m in Sources */ = {isa = PBXBuildFile; fileRef = D7FD42741A33D37E00B982F2 /* main.m */; };
		D7FD42781A33D37E00B982F2 /* AppDelegate.m in Sources */ = {isa = PBXBuildFile; fileRef = D7FD42771A33D37E00B982F2 /* AppDelegate.m */; };
		D7FD427B1A33D37E00B982F2 /* FirstViewController.m in Sources */ = {isa = PBXBuildFile; fileRef = D7FD427A1A33D37E00B982F2 /* FirstViewController.m */; };
		D7FD427E1A33D37E00B982F2 /* SecondViewController.m in Sources */ = {isa = PBXBuildFile; fileRef = D7FD427D1A33D37E00B982F2 /* SecondViewController.m */; };
		D7FD42811A33D37E00B982F2 /* Main.storyboard in Resources */ = {isa = PBXBuildFile; fileRef = D7FD427F1A33D37E00B982F2 /* Main.storyboard */; };
		D7FD42831A33D37E00B982F2 /* Images.xcassets in Resources */ = {isa = PBXBuildFile; fileRef = D7FD42821A33D37E00B982F2 /* Images.xcassets */; };
		D7FD42861A33D37E00B982F2 /* LaunchScreen.xib in Resources */ = {isa = PBXBuildFile; fileRef = D7FD42841A33D37E00B982F2 /* LaunchScreen.xib */; };
		D7FD42921A33D37E00B982F2 /* dashanddotTests.m in Sources */ = {isa = PBXBuildFile; fileRef = D7FD42911A33D37E00B982F2 /* dashanddotTests.m */; };
/* End PBXBuildFile section */

/* Begin PBXContainerItemProxy section */
		D7FD428C1A33D37E00B982F2 /* PBXContainerItemProxy */ = {
			isa = PBXContainerItemProxy;
			containerPortal = D7FD42671A33D37E00B982F2 /* Project object */;
			proxyType = 1;
			remoteGlobalIDString = D7FD426E1A33D37E00B982F2;
			remoteInfo = dashanddot;
		};
/* End PBXContainerItemProxy section */

/* Begin PBXFileReference section */
		D7FD426F1A33D37E00B982F2 /* dashanddot.app */ = {isa = PBXFileReference; explicitFileType = wrapper.application; includeInIndex = 0; path = dashanddot.app; sourceTree = BUILT_PRODUCTS_DIR; };
		D7FD42731A33D37E00B982F2 /* Info.plist */ = {isa = PBXFileReference; lastKnownFileType = text.plist.xml; path = Info.plist; sourceTree = "<group>"; };
		D7FD42741A33D37E00B982F2 /* main.m */ = {isa = PBXFileReference; lastKnownFileType = sourcecode.c.objc; path = main.m; sourceTree = "<group>"; };
		D7FD42761A33D37E00B982F2 /* AppDelegate.h */ = {isa = PBXFileReference; lastKnownFileType = sourcecode.c.h; path = AppDelegate.h; sourceTree = "<group>"; };
		D7FD42771A33D37E00B982F2 /* AppDelegate.m */ = {isa = PBXFileReference; lastKnownFileType = sourcecode.c.objc; path = AppDelegate.m; sourceTree = "<group>"; };
		D7FD42791A33D37E00B982F2 /* FirstViewController.h */ = {isa = PBXFileReference; lastKnownFileType = sourcecode.c.h; path = FirstViewController.h; sourceTree = "<group>"; };
		D7FD427A1A33D37E00B982F2 /* FirstViewController.m */ = {isa = PBXFileReference; lastKnownFileType = sourcecode.c.objc; path = FirstViewController.m; sourceTree = "<group>"; };
		D7FD427C1A33D37E00B982F2 /* SecondViewController.h */ = {isa = PBXFileReference; lastKnownFileType = sourcecode.c.h; path = SecondViewController.h; sourceTree = "<group>"; };
		D7FD427D1A33D37E00B982F2 /* SecondViewController.m */ = {isa = PBXFileReference; lastKnownFileType = sourcecode.c.objc; path = SecondViewController.m; sourceTree = "<group>"; };
		D7FD42801A33D37E00B982F2 /* Base */ = {isa = PBXFileReference; lastKnownFileType = file.storyboard; name = Base; path = Base.lproj/Main.storyboard; sourceTree = "<group>"; };
		D7FD42821A33D37E00B982F2 /* Images.xcassets */ = {isa = PBXFileReference; lastKnownFileType = folder.assetcatalog; path = Images.xcassets; sourceTree = "<group>"; };
		D7FD42851A33D37E00B982F2 /* Base */ = {isa = PBXFileReference; lastKnownFileType = file.xib; name = Base; path = Base.lproj/LaunchScreen.xib; sourceTree = "<group>"; };
		D7FD428B1A33D37E00B982F2 /* dashanddotTests.xctest */ = {isa = PBXFileReference; explicitFileType = wrapper.cfbundle; includeInIndex = 0; path = dashanddotTests.xctest; sourceTree = BUILT_PRODUCTS_DIR; };
		D7FD42901A33D37E00B982F2 /* Info.plist */ = {isa = PBXFileReference; lastKnownFileType = text.plist.xml; path = Info.plist; sourceTree = "<group>"; };
		D7FD42911A33D37E00B982F2 /* dashanddotTests.m */ = {isa = PBXFileReference; lastKnownFileType = sourcecode.c.objc; path = dashanddotTests.m; sourceTree = "<group>"; };
/* End PBXFileReference section */

/* Begin PBXFrameworksBuildPhase section */
		D7FD426C1A33D37E00B982F2 /* Frameworks */ = {
			isa = PBXFrameworksBuildPhase;
			buildActionMask = 2147483647;
			files = (
			);
			runOnlyForDeploymentPostprocessing = 0;
		};
		D7FD42881A33D37E00B982F2 /* Frameworks */ = {
			isa = PBXFrameworksBuildPhase;
			buildActionMask = 2147483647;
			files = (
			);
			runOnlyForDeploymentPostprocessing = 0;
		};
/* End PBXFrameworksBuildPhase section */

/* Begin PBXGroup section */
		D7FD42661A33D37E00B982F2 = {
			isa = PBXGroup;
			children = (
				D7FD42711A33D37E00B982F2 /* dashanddot */,
				D7FD428E1A33D37E00B982F2 /* dashanddotTests */,
				D7FD42701A33D37E00B982F2 /* Products */,
			);
			sourceTree = "<group>";
		};
		D7FD42701A33D37E00B982F2 /* Products */ = {
			isa = PBXGroup;
			children = (
				D7FD426F1A33D37E00B982F2 /* dashanddot.app */,
				D7FD428B1A33D37E00B982F2 /* dashanddotTests.xctest */,
			);
			name = Products;
			sourceTree = "<group>";
		};
		D7FD42711A33D37E00B982F2 /* dashanddot */ = {
			isa = PBXGroup;
			children = (
				D7FD42761A33D37E00B982F2 /* AppDelegate.h */,
				D7FD42771A33D37E00B982F2 /* AppDelegate.m */,
				D7FD42791A33D37E00B982F2 /* FirstViewController.h */,
				D7FD427A1A33D37E00B982F2 /* FirstViewController.m */,
				D7FD427C1A33D37E00B982F2 /* SecondViewController.h */,
				D7FD427D1A33D37E00B982F2 /* SecondViewController.m */,
				D7FD427F1A33D37E00B982F2 /* Main.storyboard */,
				D7FD42821A33D37E00B982F2 /* Images.xcassets */,
				D7FD42841A33D37E00B982F2 /* LaunchScreen.xib */,
				D7FD42721A33D37E00B982F2 /* Supporting Files */,
			);
			path = dashanddot;
			sourceTree = "<group>";
		};
		D7FD42721A33D37E00B982F2 /* Supporting Files */ = {
			isa = PBXGroup;
			children = (
				D7FD42731A33D37E00B982F2 /* Info.plist */,
				D7FD42741A33D37E00B982F2 /* main.m */,
			);
			name = "Supporting Files";
			sourceTree = "<group>";
		};
		D7FD428E1A33D37E00B982F2 /* dashanddotTests */ = {
			isa = PBXGroup;
			children = (
				D7FD42911A33D37E00B982F2 /* dashanddotTests.m */,
				D7FD428F1A33D37E00B982F2 /* Supporting Files */,
			);
			path = dashanddotTests;
			sourceTree = "<group>";
		};
		D7FD428F1A33D37E00B982F2 /* Supporting Files */ = {
			isa = PBXGroup;
			children = (
				D7FD42901A33D37E00B982F2 /* Info.plist */,
			);
			name = "Supporting Files";
			sourceTree = "<group>";
		};
/* End PBXGroup section */

/* Begin PBXNativeTarget section */
		D7FD426E1A33D37E00B982F2 /* dashanddot */ = {
			isa = PBXNativeTarget;
			buildConfigurationList = D7FD42951A33D37E00B982F2 /* Build configuration list for PBXNativeTarget "dashanddot" */;
			buildPhases = (
				D7FD426B1A33D37E00B982F2 /* Sources */,
				D7FD426C1A33D37E00B982F2 /* Frameworks */,
				D7FD426D1A33D37E00B982F2 /* Resources */,
			);
			buildRules = (
			);
			dependencies = (
			);
			name = dashanddot;
			productName = dashanddot;
			productReference = D7FD426F1A33D37E00B982F2 /* dashanddot.app */;
			productType = "com.apple.product-type.application";
		};
		D7FD428A1A33D37E00B982F2 /* dashanddotTests */ = {
			isa = PBXNativeTarget;
			buildConfigurationList = D7FD42981A33D37E00B982F2 /* Build configuration list for PBXNativeTarget "dashanddotTests" */;
			buildPhases = (
				D7FD42871A33D37E00B982F2 /* Sources */,
				D7FD42881A33D37E00B982F2 /* Frameworks */,
				D7FD42891A33D37E00B982F2 /* Resources */,
			);
			buildRules = (
			);
			dependencies = (
				D7FD428D1A33D37E00B982F2 /* PBXTargetDependency */,
			);
			name = dashanddotTests;
			productName = dashanddotTests;
			productReference = D7FD428B1A33D37E00B982F2 /* dashanddotTests.xctest */;
			productType = "com.apple.product-type.bundle.unit-test";
		};
/* End PBXNativeTarget section */

/* Begin PBXProject section */
		D7FD42671A33D37E00B982F2 /* Project object */ = {
			isa = PBXProject;
			attributes = {
				LastUpgradeCheck = 0610;
				ORGANIZATIONNAME = "Shell Shrader";
				TargetAttributes = {
					D7FD426E1A33D37E00B982F2 = {
						CreatedOnToolsVersion = 6.1.1;
					};
					D7FD428A1A33D37E00B982F2 = {
						CreatedOnToolsVersion = 6.1.1;
						TestTargetID = D7FD426E1A33D37E00B982F2;
					};
				};
			};
			buildConfigurationList = D7FD426A1A33D37E00B982F2 /* Build configuration list for PBXProject "dashanddot" */;
			compatibilityVersion = "Xcode 3.2";
			developmentRegion = English;
			hasScannedForEncodings = 0;
			knownRegions = (
				en,
				Base,
			);
			mainGroup = D7FD42661A33D37E00B982F2;
			productRefGroup = D7FD42701A33D37E00B982F2 /* Products */;
			projectDirPath = "";
			projectRoot = "";
			targets = (
				D7FD426E1A33D37E00B982F2 /* dashanddot */,
				D7FD428A1A33D37E00B982F2 /* dashanddotTests */,
			);
		};
/* End PBXProject section */

/* Begin PBXResourcesBuildPhase section */
		D7FD426D1A33D37E00B982F2 /* Resources */ = {
			isa = PBXResourcesBuildPhase;
			buildActionMask = 2147483647;
			files = (
				D7FD42811A33D37E00B982F2 /* Main.storyboard in Resources */,
				D7FD42861A33D37E00B982F2 /* LaunchScreen.xib in Resources */,
				D7FD42831A33D37E00B982F2 /* Images.xcassets in Resources */,
			);
			runOnlyForDeploymentPostprocessing = 0;
		};
		D7FD42891A33D37E00B982F2 /* Resources */ = {
			isa = PBXResourcesBuildPhase;
			buildActionMask = 2147483647;
			files = (
			);
			runOnlyForDeploymentPostprocessing = 0;
		};
/* End PBXResourcesBuildPhase section */

/* Begin PBXSourcesBuildPhase section */
		D7FD426B1A33D37E00B982F2 /* Sources */ = {
			isa = PBXSourcesBuildPhase;
			buildActionMask = 2147483647;
			files = (
				D7FD427E1A33D37E00B982F2 /* SecondViewController.m in Sources */,
				D7FD42781A33D37E00B982F2 /* AppDelegate.m in Sources */,
				D7FD427B1A33D37E00B982F2 /* FirstViewController.m in Sources */,
				D7FD42751A33D37E00B982F2 /* main.m in Sources */,
			);
			runOnlyForDeploymentPostprocessing = 0;
		};
		D7FD42871A33D37E00B982F2 /* Sources */ = {
			isa = PBXSourcesBuildPhase;
			buildActionMask = 2147483647;
			files = (
				D7FD42921A33D37E00B982F2 /* dashanddotTests.m in Sources */,
			);
			runOnlyForDeploymentPostprocessing = 0;
		};
/* End PBXSourcesBuildPhase section */

/* Begin PBXTargetDependency section */
		D7FD428D1A33D37E00B982F2 /* PBXTargetDependency */ = {
			isa = PBXTargetDependency;
			target = D7FD426E1A33D37E00B982F2 /* dashanddot */;
			targetProxy = D7FD428C1A33D37E00B982F2 /* PBXContainerItemProxy */;
		};
/* End PBXTargetDependency section */

/* Begin PBXVariantGroup section */
		D7FD427F1A33D37E00B982F2 /* Main.storyboard */ = {
			isa = PBXVariantGroup;
			children = (
				D7FD42801A33D37E00B982F2 /* Base */,
			);
			name = Main.storyboard;
			sourceTree = "<group>";
		};
		D7FD42841A33D37E00B982F2 /* LaunchScreen.xib */ = {
			isa = PBXVariantGroup;
			children = (
				D7FD42851A33D37E00B982F2 /* Base */,
			);
			name = LaunchScreen.xib;
			sourceTree = "<group>";
		};
/* End PBXVariantGroup section */

/* Begin XCBuildConfiguration section */
		D7FD42931A33D37E00B982F2 /* Debug */ = {
			isa = XCBuildConfiguration;
			buildSettings = {
				ALWAYS_SEARCH_USER_PATHS = NO;
				CLANG_CXX_LANGUAGE_STANDARD = "gnu++0x";
				CLANG_CXX_LIBRARY = "libc++";
				CLANG_ENABLE_MODULES = YES;
				CLANG_ENABLE_OBJC_ARC = YES;
				CLANG_WARN_BOOL_CONVERSION = YES;
				CLANG_WARN_CONSTANT_CONVERSION = YES;
				CLANG_WARN_DIRECT_OBJC_ISA_USAGE = YES_ERROR;
				CLANG_WARN_EMPTY_BODY = YES;
				CLANG_WARN_ENUM_CONVERSION = YES;
				CLANG_WARN_INT_CONVERSION = YES;
				CLANG_WARN_OBJC_ROOT_CLASS = YES_ERROR;
				CLANG_WARN_UNREACHABLE_CODE = YES;
				CLANG_WARN__DUPLICATE_METHOD_MATCH = YES;
				"CODE_SIGN_IDENTITY[sdk=iphoneos*]" = "iPhone Developer";
				COPY_PHASE_STRIP = NO;
				ENABLE_STRICT_OBJC_MSGSEND = YES;
				GCC_C_LANGUAGE_STANDARD = gnu99;
				GCC_DYNAMIC_NO_PIC = NO;
				GCC_OPTIMIZATION_LEVEL = 0;
				GCC_PREPROCESSOR_DEFINITIONS = (
					"DEBUG=1",
					"$(inherited)",
				);
				GCC_SYMBOLS_PRIVATE_EXTERN = NO;
				GCC_WARN_64_TO_32_BIT_CONVERSION = YES;
				GCC_WARN_ABOUT_RETURN_TYPE = YES_ERROR;
				GCC_WARN_UNDECLARED_SELECTOR = YES;
				GCC_WARN_UNINITIALIZED_AUTOS = YES_AGGRESSIVE;
				GCC_WARN_UNUSED_FUNCTION = YES;
				GCC_WARN_UNUSED_VARIABLE = YES;
				IPHONEOS_DEPLOYMENT_TARGET = 8.1;
				MTL_ENABLE_DEBUG_INFO = YES;
				ONLY_ACTIVE_ARCH = YES;
				SDKROOT = iphoneos;
				TARGETED_DEVICE_FAMILY = "1,2";
			};
			name = Debug;
		};
		D7FD42941A33D37E00B982F2 /* Release */ = {
			isa = XCBuildConfiguration;
			buildSettings = {
				ALWAYS_SEARCH_USER_PATHS = NO;
				CLANG_CXX_LANGUAGE_STANDARD = "gnu++0x";
				CLANG_CXX_LIBRARY = "libc++";
				CLANG_ENABLE_MODULES = YES;
				CLANG_ENABLE_OBJC_ARC = YES;
				CLANG_WARN_BOOL_CONVERSION = YES;
				CLANG_WARN_CONSTANT_CONVERSION = YES;
				CLANG_WARN_DIRECT_OBJC_ISA_USAGE = YES_ERROR;
				CLANG_WARN_EMPTY_BODY = YES;
				CLANG_WARN_ENUM_CONVERSION = YES;
				CLANG_WARN_INT_CONVERSION = YES;
				CLANG_WARN_OBJC_ROOT_CLASS = YES_ERROR;
				CLANG_WARN_UNREACHABLE_CODE = YES;
				CLANG_WARN__DUPLICATE_METHOD_MATCH = YES;
				"CODE_SIGN_IDENTITY[sdk=iphoneos*]" = "iPhone Developer";
				COPY_PHASE_STRIP = YES;
				ENABLE_NS_ASSERTIONS = NO;
				ENABLE_STRICT_OBJC_MSGSEND = YES;
				GCC_C_LANGUAGE_STANDARD = gnu99;
				GCC_WARN_64_TO_32_BIT_CONVERSION = YES;
				GCC_WARN_ABOUT_RETURN_TYPE = YES_ERROR;
				GCC_WARN_UNDECLARED_SELECTOR = YES;
				GCC_WARN_UNINITIALIZED_AUTOS = YES_AGGRESSIVE;
				GCC_WARN_UNUSED_FUNCTION = YES;
				GCC_WARN_UNUSED_VARIABLE = YES;
				IPHONEOS_DEPLOYMENT_TARGET = 8.1;
				MTL_ENABLE_DEBUG_INFO = NO;
				SDKROOT = iphoneos;
				TARGETED_DEVICE_FAMILY = "1,2";
				VALIDATE_PRODUCT = YES;
			};
			name = Release;
		};
		D7FD42961A33D37E00B982F2 /* Debug */ = {
			isa = XCBuildConfiguration;
			buildSettings = {
				ASSETCATALOG_COMPILER_APPICON_NAME = AppIcon;
				INFOPLIST_FILE = dashanddot/Info.plist;
				LD_RUNPATH_SEARCH_PATHS = "$(inherited) @executable_path/Frameworks";
				PRODUCT_NAME = "$(TARGET_NAME)";
			};
			name = Debug;
		};
		D7FD42971A33D37E00B982F2 /* Release */ = {
			isa = XCBuildConfiguration;
			buildSettings = {
				ASSETCATALOG_COMPILER_APPICON_NAME = AppIcon;
				INFOPLIST_FILE = dashanddot/Info.plist;
				LD_RUNPATH_SEARCH_PATHS = "$(inherited) @executable_path/Frameworks";
				PRODUCT_NAME = "$(TARGET_NAME)";
			};
			name = Release;
		};
		D7FD42991A33D37E00B982F2 /* Debug */ = {
			isa = XCBuildConfiguration;
			buildSettings = {
				BUNDLE_LOADER = "$(TEST_HOST)";
				FRAMEWORK_SEARCH_PATHS = (
					"$(SDKROOT)/Developer/Library/Frameworks",
					"$(inherited)",
				);
				GCC_PREPROCESSOR_DEFINITIONS = (
					"DEBUG=1",
					"$(inherited)",
				);
				INFOPLIST_FILE = dashanddotTests/Info.plist;
				LD_RUNPATH_SEARCH_PATHS = "$(inherited) @executable_path/Frameworks @loader_path/Frameworks";
				PRODUCT_NAME = "$(TARGET_NAME)";
				TEST_HOST = "$(BUILT_PRODUCTS_DIR)/dashanddot.app/dashanddot";
			};
			name = Debug;
		};
		D7FD429A1A33D37E00B982F2 /* Release */ = {
			isa = XCBuildConfiguration;
			buildSettings = {
				BUNDLE_LOADER = "$(TEST_HOST)";
				FRAMEWORK_SEARCH_PATHS = (
					"$(SDKROOT)/Developer/Library/Frameworks",
					"$(inherited)",
				);
				INFOPLIST_FILE = dashanddotTests/Info.plist;
				LD_RUNPATH_SEARCH_PATHS = "$(inherited) @executable_path/Frameworks @loader_path/Frameworks";
				PRODUCT_NAME = "$(TARGET_NAME)";
				TEST_HOST = "$(BUILT_PRODUCTS_DIR)/dashanddot.app/dashanddot";
			};
			name = Release;
		};
/* End XCBuildConfiguration section */

/* Begin XCConfigurationList section */
		D7FD426A1A33D37E00B982F2 /* Build configuration list for PBXProject "dashanddot" */ = {
			isa = XCConfigurationList;
			buildConfigurations = (
				D7FD42931A33D37E00B982F2 /* Debug */,
				D7FD42941A33D37E00B982F2 /* Release */,
			);
			defaultConfigurationIsVisible = 0;
			defaultConfigurationName = Release;
		};
		D7FD42951A33D37E00B982F2 /* Build configuration list for PBXNativeTarget "dashanddot" */ = {
			isa = XCConfigurationList;
			buildConfigurations = (
				D7FD42961A33D37E00B982F2 /* Debug */,
				D7FD42971A33D37E00B982F2 /* Release */,
			);
			defaultConfigurationIsVisible = 0;
		};
		D7FD42981A33D37E00B982F2 /* Build configuration list for PBXNativeTarget "dashanddotTests" */ = {
			isa = XCConfigurationList;
			buildConfigurations = (
				D7FD42991A33D37E00B982F2 /* Debug */,
				D7FD429A1A33D37E00B982F2 /* Release */,
			);
			defaultConfigurationIsVisible = 0;
		};
/* End XCConfigurationList section */
	};
	rootObject = D7FD42671A33D37E00B982F2 /* Project object */;
}
